
Microsoft Visual Studio Solution File, Format Version 12.00
# Visual Studio Version 16
VisualStudioVersion = 16.0.31019.35
MinimumVisualStudioVersion = 10.0.40219.1
Project("{FAE04EC0-301F-11D3-BF4B-00C04F79EFBC}") = "reorganizing string or search query", "reorganizing string or search query\reorganizing string or search query.csproj", "{24DEFE87-DE0A-42BF-B85E-3EA4E6AEDA25}"
EndProject
Global
	GlobalSection(SolutionConfigurationPlatforms) = preSolution
		Debug|Any CPU = Debug|Any CPU
		Release|Any CPU = Release|Any CPU
	EndGlobalSection
	GlobalSection(ProjectConfigurationPlatforms) = postSolution
		{24DEFE87-DE0A-42BF-B85E-3EA4E6AEDA25}.Debug|Any CPU.ActiveCfg = Debug|Any CPU
		{24DEFE87-DE0A-42BF-B85E-3EA4E6AEDA25}.Debug|Any CPU.Build.0 = Debug|Any CPU
		{24DEFE87-DE0A-42BF-B85E-3EA4E6AEDA25}.Release|Any CPU.ActiveCfg = Release|Any CPU
		{24DEFE87-DE0A-42BF-B85E-3EA4E6AEDA25}.Release|Any CPU.Build.0 = Release|Any CPU
	EndGlobalSection
	GlobalSection(SolutionProperties) = preSolution
		HideSolutionNode = FALSE
	EndGlobalSection
	GlobalSection(ExtensibilityGlobals) = postSolution
		SolutionGuid = {5A146CD5-119A-45A4-9A35-36EDFA319751}
	EndGlobalSection
EndGlobal
